PODS:
  - Capacitor (5.7.0):
    - CapacitorCordova
  - CapacitorBrowser (5.2.0):
    - Capacitor
  - CapacitorCordova (5.7.0)

DEPENDENCIES:
  - "Capacitor (from `../../node_modules/@capacitor/ios`)"
  - "CapacitorBrowser (from `../../node_modules/@capacitor/browser`)"
  - "CapacitorCordova (from `../../node_modules/@capacitor/ios`)"

EXTERNAL SOURCES:
  Capacitor:
    :path: "../../node_modules/@capacitor/ios"
  CapacitorBrowser:
    :path: "../../node_modules/@capacitor/browser"
  CapacitorCordova:
    :path: "../../node_modules/@capacitor/ios"

SPEC CHECKSUMS:
  Capacitor: fc155ee2ee45a2093d716f13cf5aa5a865e2d85a
  CapacitorBrowser: a6deae9e5bf87f62b62a753cff7992c5def9e771
  CapacitorCordova: e825fce1a2e14e4b5730641c7e098dccf74397b7

PODFILE CHECKSUM: 6d1bdfa231af3689f92092a5b5d1c92ac170903e

COCOAPODS: 1.14.2
